{
  "name": "script-text-editor",
  "version": "1.0.0",
  "lockfileVersion": 1,
  "requires": true,
  "dependencies": {
    "export-from-json": {
      "version": "1.3.3",
      "resolved": "https://registry.npmjs.org/export-from-json/-/export-from-json-1.3.3.tgz",
      "integrity": "sha512-MoKuliJGWiAKfb4p7DLfMPMv+N9cifl+N/EAHegVduswIRBGcj9XYybLFLKjV3PDQBXwuxma9F+SKSh6xRz1MQ=="
    }
  }
}
